PODS:
  - DZNEmptyDataSet (1.8.1)
  - MBProgressHUD (1.0.0)
  - NHExtension (1.0.0):
    - DZNEmptyDataSet
    - SDAutoLayout (~> 2.1.3)
  - NHHUDExtend (1.0.1):
    - MBProgressHUD (~> 1.0.0)
  - SDAutoLayout (2.1.9)

DEPENDENCIES:
  - NHExtension (from `../NHExtension.podspec`)
  - NHHUDExtend

EXTERNAL SOURCES:
  NHExtension:
    :path: ../NHExtension.podspec

SPEC CHECKSUMS:
  DZNEmptyDataSet: 9525833b9e68ac21c30253e1d3d7076cc828eaa7
  MBProgressHUD: 4890f671c94e8a0f3cf959aa731e9de2f036d71a
  NHExtension: a28b2861178919d4cf4e81ff95576f91752316d6
  NHHUDExtend: 10900daeabebbfb92367199398f56bea9bfc3e88
  SDAutoLayout: 6b6f4db0d009dfc46cef14ef710dbb164e86616c

PODFILE CHECKSUM: dd6c46326dfc6301de1f0de8558593ac223c0ecb

COCOAPODS: 1.3.1
