PODS:
  - DZNEmptyDataSet (1.8.1)
  - Masonry (1.1.0)
  - NHExtension (1.0.2):
    - DZNEmptyDataSet
    - "UIView+MGBadgeView"
  - "UIView+MGBadgeView (0.0.1)"

DEPENDENCIES:
  - Masonry
  - NHExtension (from `../NHExtension.podspec`)

SPEC REPOS:
  https://github.com/CocoaPods/Specs.git:
    - DZNEmptyDataSet
    - Masonry
    - "UIView+MGBadgeView"

EXTERNAL SOURCES:
  NHExtension:
    :path: "../NHExtension.podspec"

SPEC CHECKSUMS:
  DZNEmptyDataSet: 9525833b9e68ac21c30253e1d3d7076cc828eaa7
  Masonry: 678fab65091a9290e40e2832a55e7ab731aad201
  NHExtension: 00c1c5730cbf02470687c4809f58b4666e10b42a
  "UIView+MGBadgeView": 49caf22454d35f042c798dc8ce27ca38fb6e7d2a

PODFILE CHECKSUM: a64b28d1d5ee2c72e593ef1bdcf4d2ca0d34dcc7

COCOAPODS: 1.5.0
