PODS:
  - DZNEmptyDataSet (1.8.1)
  - Masonry (1.1.0)
  - NHExtension (1.1.1):
    - DZNEmptyDataSet
    - "UIView+MGBadgeView"
  - "UIView+MGBadgeView (0.0.1)"

DEPENDENCIES:
  - Masonry
  - NHExtension (from `../NHExtension.podspec`)

SPEC REPOS:
  https://github.com/cocoapods/specs.git:
    - DZNEmptyDataSet
    - Masonry
    - "UIView+MGBadgeView"

EXTERNAL SOURCES:
  NHExtension:
    :path: "../NHExtension.podspec"

SPEC CHECKSUMS:
  DZNEmptyDataSet: 9525833b9e68ac21c30253e1d3d7076cc828eaa7
  Masonry: 678fab65091a9290e40e2832a55e7ab731aad201
  NHExtension: 301f2bdb80f541155ebfae1f34c2914a733bd9dc
  "UIView+MGBadgeView": 49caf22454d35f042c798dc8ce27ca38fb6e7d2a

PODFILE CHECKSUM: 48f272718e7cb6008d1f413e80377cbf8f1f6948

COCOAPODS: 1.7.0
