// !$*UTF8*$!
{
	archiveVersion = 1;
	classes = {
	};
	objectVersion = 48;
	objects = {

/* Begin PBXBuildFile section */
		0A7C88E720F9CBCA00DE9D04 /* UIView+test.m in Sources */ = {isa = PBXBuildFile; fileRef = 0A7C88E620F9CBCA00DE9D04 /* UIView+test.m */; };
		0A7C88ED20FA3B9500DE9D04 /* NextViewController.m in Sources */ = {isa = PBXBuildFile; fileRef = 0A7C88EC20FA3B9500DE9D04 /* NextViewController.m */; };
		0A7C88F320FA517800DE9D04 /* Assets.xcassets in Resources */ = {isa = PBXBuildFile; fileRef = 0A7C88F220FA517800DE9D04 /* Assets.xcassets */; };
		0AF782B41F768D62006D8F4B /* main.m in Sources */ = {isa = PBXBuildFile; fileRef = 0AF782B31F768D62006D8F4B /* main.m */; };
		0AF782B71F768D62006D8F4B /* AppDelegate.m in Sources */ = {isa = PBXBuildFile; fileRef = 0AF782B61F768D62006D8F4B /* AppDelegate.m */; };
		0AF782BA1F768D62006D8F4B /* ViewController.m in Sources */ = {isa = PBXBuildFile; fileRef = 0AF782B91F768D62006D8F4B /* ViewController.m */; };
		0AF782BD1F768D62006D8F4B /* Main.storyboard in Resources */ = {isa = PBXBuildFile; fileRef = 0AF782BB1F768D62006D8F4B /* Main.storyboard */; };
		0AF782C21F768D62006D8F4B /* LaunchScreen.storyboard in Resources */ = {isa = PBXBuildFile; fileRef = 0AF782C01F768D62006D8F4B /* LaunchScreen.storyboard */; };
		45A39E2C7519ECA59B9ED037 /* libPods-NHExtensionDemo.a in Frameworks */ = {isa = PBXBuildFile; fileRef = 484EB06C936E284790BBF31F /* libPods-NHExtensionDemo.a */; };
/* End PBXBuildFile section */

/* Begin PBXFileReference section */
		0A6E36301F7D453200A204EA /* libz.tbd */ = {isa = PBXFileReference; lastKnownFileType = "sourcecode.text-based-dylib-definition"; name = libz.tbd; path = usr/lib/libz.tbd; sourceTree = SDKROOT; };
		0A7C88E520F9CBCA00DE9D04 /* UIView+test.h */ = {isa = PBXFileReference; lastKnownFileType = sourcecode.c.h; path = "UIView+test.h"; sourceTree = "<group>"; };
		0A7C88E620F9CBCA00DE9D04 /* UIView+test.m */ = {isa = PBXFileReference; lastKnownFileType = sourcecode.c.objc; path = "UIView+test.m"; sourceTree = "<group>"; };
		0A7C88EB20FA3B9500DE9D04 /* NextViewController.h */ = {isa = PBXFileReference; lastKnownFileType = sourcecode.c.h; path = NextViewController.h; sourceTree = "<group>"; };
		0A7C88EC20FA3B9500DE9D04 /* NextViewController.m */ = {isa = PBXFileReference; lastKnownFileType = sourcecode.c.objc; path = NextViewController.m; sourceTree = "<group>"; };
		0A7C88F120FA4D1F00DE9D04 /* NHPrefixHeader.pch */ = {isa = PBXFileReference; lastKnownFileType = sourcecode.c.h; name = NHPrefixHeader.pch; path = ../NHPrefixHeader.pch; sourceTree = "<group>"; };
		0A7C88F220FA517800DE9D04 /* Assets.xcassets */ = {isa = PBXFileReference; lastKnownFileType = folder.assetcatalog; path = Assets.xcassets; sourceTree = "<group>"; };
		0AF782AF1F768D62006D8F4B /* NHExtensionDemo.app */ = {isa = PBXFileReference; explicitFileType = wrapper.application; includeInIndex = 0; path = NHExtensionDemo.app; sourceTree = BUILT_PRODUCTS_DIR; };
		0AF782B31F768D62006D8F4B /* main.m */ = {isa = PBXFileReference; lastKnownFileType = sourcecode.c.objc; path = main.m; sourceTree = "<group>"; };
		0AF782B51F768D62006D8F4B /* AppDelegate.h */ = {isa = PBXFileReference; lastKnownFileType = sourcecode.c.h; path = AppDelegate.h; sourceTree = "<group>"; };
		0AF782B61F768D62006D8F4B /* AppDelegate.m */ = {isa = PBXFileReference; lastKnownFileType = sourcecode.c.objc; path = AppDelegate.m; sourceTree = "<group>"; };
		0AF782B81F768D62006D8F4B /* ViewController.h */ = {isa = PBXFileReference; lastKnownFileType = sourcecode.c.h; path = ViewController.h; sourceTree = "<group>"; };
		0AF782B91F768D62006D8F4B /* ViewController.m */ = {isa = PBXFileReference; lastKnownFileType = sourcecode.c.objc; path = ViewController.m; sourceTree = "<group>"; };
		0AF782BC1F768D62006D8F4B /* Base */ = {isa = PBXFileReference; lastKnownFileType = file.storyboard; name = Base; path = Base.lproj/Main.storyboard; sourceTree = "<group>"; };
		0AF782C11F768D62006D8F4B /* Base */ = {isa = PBXFileReference; lastKnownFileType = file.storyboard; name = Base; path = Base.lproj/LaunchScreen.storyboard; sourceTree = "<group>"; };
		0AF782C31F768D62006D8F4B /* Info.plist */ = {isa = PBXFileReference; lastKnownFileType = text.plist.xml; path = Info.plist; sourceTree = "<group>"; };
		484EB06C936E284790BBF31F /* libPods-NHExtensionDemo.a */ = {isa = PBXFileReference; explicitFileType = archive.ar; includeInIndex = 0; path = "libPods-NHExtensionDemo.a"; sourceTree = BUILT_PRODUCTS_DIR; };
		BC1419700E3CFBB130B621C6 /* Pods-NHExtensionDemo.release.xcconfig */ = {isa = PBXFileReference; includeInIndex = 1; lastKnownFileType = text.xcconfig; name = "Pods-NHExtensionDemo.release.xcconfig"; path = "Pods/Target Support Files/Pods-NHExtensionDemo/Pods-NHExtensionDemo.release.xcconfig"; sourceTree = "<group>"; };
		D670CEFBB405F5A3C98C1766 /* Pods-NHExtensionDemo.debug.xcconfig */ = {isa = PBXFileReference; includeInIndex = 1; lastKnownFileType = text.xcconfig; name = "Pods-NHExtensionDemo.debug.xcconfig"; path = "Pods/Target Support Files/Pods-NHExtensionDemo/Pods-NHExtensionDemo.debug.xcconfig"; sourceTree = "<group>"; };
/* End PBXFileReference section */

/* Begin PBXFrameworksBuildPhase section */
		0AF782AC1F768D62006D8F4B /* Frameworks */ = {
			isa = PBXFrameworksBuildPhase;
			buildActionMask = 2147483647;
			files = (
				45A39E2C7519ECA59B9ED037 /* libPods-NHExtensionDemo.a in Frameworks */,
			);
			runOnlyForDeploymentPostprocessing = 0;
		};
/* End PBXFrameworksBuildPhase section */

/* Begin PBXGroup section */
		0A6E362F1F7D453200A204EA /* Frameworks */ = {
			isa = PBXGroup;
			children = (
				0A6E36301F7D453200A204EA /* libz.tbd */,
				484EB06C936E284790BBF31F /* libPods-NHExtensionDemo.a */,
			);
			name = Frameworks;
			sourceTree = "<group>";
		};
		0AF782A61F768D62006D8F4B = {
			isa = PBXGroup;
			children = (
				0AF782B11F768D62006D8F4B /* NHExtensionDemo */,
				0AF782B01F768D62006D8F4B /* Products */,
				0A6E362F1F7D453200A204EA /* Frameworks */,
				970D7A3A72590CAC01327B2A /* Pods */,
			);
			sourceTree = "<group>";
		};
		0AF782B01F768D62006D8F4B /* Products */ = {
			isa = PBXGroup;
			children = (
				0AF782AF1F768D62006D8F4B /* NHExtensionDemo.app */,
			);
			name = Products;
			sourceTree = "<group>";
		};
		0AF782B11F768D62006D8F4B /* NHExtensionDemo */ = {
			isa = PBXGroup;
			children = (
				0AF782B51F768D62006D8F4B /* AppDelegate.h */,
				0AF782B61F768D62006D8F4B /* AppDelegate.m */,
				0AF782B81F768D62006D8F4B /* ViewController.h */,
				0AF782B91F768D62006D8F4B /* ViewController.m */,
				0A7C88EB20FA3B9500DE9D04 /* NextViewController.h */,
				0A7C88EC20FA3B9500DE9D04 /* NextViewController.m */,
				0A7C88E520F9CBCA00DE9D04 /* UIView+test.h */,
				0A7C88E620F9CBCA00DE9D04 /* UIView+test.m */,
				0AF782BB1F768D62006D8F4B /* Main.storyboard */,
				0AF782C01F768D62006D8F4B /* LaunchScreen.storyboard */,
				0AF782C31F768D62006D8F4B /* Info.plist */,
				0A7C88F220FA517800DE9D04 /* Assets.xcassets */,
				0AF782B21F768D62006D8F4B /* Supporting Files */,
			);
			path = NHExtensionDemo;
			sourceTree = "<group>";
		};
		0AF782B21F768D62006D8F4B /* Supporting Files */ = {
			isa = PBXGroup;
			children = (
				0A7C88F120FA4D1F00DE9D04 /* NHPrefixHeader.pch */,
				0AF782B31F768D62006D8F4B /* main.m */,
			);
			name = "Supporting Files";
			sourceTree = "<group>";
		};
		970D7A3A72590CAC01327B2A /* Pods */ = {
			isa = PBXGroup;
			children = (
				D670CEFBB405F5A3C98C1766 /* Pods-NHExtensionDemo.debug.xcconfig */,
				BC1419700E3CFBB130B621C6 /* Pods-NHExtensionDemo.release.xcconfig */,
			);
			name = Pods;
			sourceTree = "<group>";
		};
/* End PBXGroup section */

/* Begin PBXNativeTarget section */
		0AF782AE1F768D62006D8F4B /* NHExtensionDemo */ = {
			isa = PBXNativeTarget;
			buildConfigurationList = 0AF782C61F768D62006D8F4B /* Build configuration list for PBXNativeTarget "NHExtensionDemo" */;
			buildPhases = (
				5CACF602F289745547A762D1 /* [CP] Check Pods Manifest.lock */,
				0AF782AB1F768D62006D8F4B /* Sources */,
				0AF782AC1F768D62006D8F4B /* Frameworks */,
				0AF782AD1F768D62006D8F4B /* Resources */,
			);
			buildRules = (
			);
			dependencies = (
			);
			name = NHExtensionDemo;
			productName = NHExtensionDemo;
			productReference = 0AF782AF1F768D62006D8F4B /* NHExtensionDemo.app */;
			productType = "com.apple.product-type.application";
		};
/* End PBXNativeTarget section */

/* Begin PBXProject section */
		0AF782A71F768D62006D8F4B /* Project object */ = {
			isa = PBXProject;
			attributes = {
				LastUpgradeCheck = 0820;
				ORGANIZATIONNAME = neghao;
				TargetAttributes = {
					0AF782AE1F768D62006D8F4B = {
						CreatedOnToolsVersion = 8.2.1;
						DevelopmentTeam = 69U78V53ZN;
						ProvisioningStyle = Automatic;
					};
				};
			};
			buildConfigurationList = 0AF782AA1F768D62006D8F4B /* Build configuration list for PBXProject "NHExtensionDemo" */;
			compatibilityVersion = "Xcode 8.0";
			developmentRegion = English;
			hasScannedForEncodings = 0;
			knownRegions = (
				en,
				Base,
			);
			mainGroup = 0AF782A61F768D62006D8F4B;
			productRefGroup = 0AF782B01F768D62006D8F4B /* Products */;
			projectDirPath = "";
			projectRoot = "";
			targets = (
				0AF782AE1F768D62006D8F4B /* NHExtensionDemo */,
			);
		};
/* End PBXProject section */

/* Begin PBXResourcesBuildPhase section */
		0AF782AD1F768D62006D8F4B /* Resources */ = {
			isa = PBXResourcesBuildPhase;
			buildActionMask = 2147483647;
			files = (
				0AF782C21F768D62006D8F4B /* LaunchScreen.storyboard in Resources */,
				0A7C88F320FA517800DE9D04 /* Assets.xcassets in Resources */,
				0AF782BD1F768D62006D8F4B /* Main.storyboard in Resources */,
			);
			runOnlyForDeploymentPostprocessing = 0;
		};
/* End PBXResourcesBuildPhase section */

/* Begin PBXShellScriptBuildPhase section */
		5CACF602F289745547A762D1 /* [CP] Check Pods Manifest.lock */ = {
			isa = PBXShellScriptBuildPhase;
			buildActionMask = 2147483647;
			files = (
			);
			inputPaths = (
				"${PODS_PODFILE_DIR_PATH}/Podfile.lock",
				"${PODS_ROOT}/Manifest.lock",
			);
			name = "[CP] Check Pods Manifest.lock";
			outputPaths = (
				"$(DERIVED_FILE_DIR)/Pods-NHExtensionDemo-checkManifestLockResult.txt",
			);
			runOnlyForDeploymentPostprocessing = 0;
			shellPath = /bin/sh;
			shellScript = "diff \"${PODS_PODFILE_DIR_PATH}/Podfile.lock\" \"${PODS_ROOT}/Manifest.lock\" > /dev/null\nif [ $? != 0 ] ; then\n    # print error to STDERR\n    echo \"error: The sandbox is not in sync with the Podfile.lock. Run 'pod install' or update your CocoaPods installation.\" >&2\n    exit 1\nfi\n# This output is used by Xcode 'outputs' to avoid re-running this script phase.\necho \"SUCCESS\" > \"${SCRIPT_OUTPUT_FILE_0}\"\n";
			showEnvVarsInLog = 0;
		};
/* End PBXShellScriptBuildPhase section */

/* Begin PBXSourcesBuildPhase section */
		0AF782AB1F768D62006D8F4B /* Sources */ = {
			isa = PBXSourcesBuildPhase;
			buildActionMask = 2147483647;
			files = (
				0A7C88ED20FA3B9500DE9D04 /* NextViewController.m in Sources */,
				0A7C88E720F9CBCA00DE9D04 /* UIView+test.m in Sources */,
				0AF782BA1F768D62006D8F4B /* ViewController.m in Sources */,
				0AF782B71F768D62006D8F4B /* AppDelegate.m in Sources */,
				0AF782B41F768D62006D8F4B /* main.m in Sources */,
			);
			runOnlyForDeploymentPostprocessing = 0;
		};
/* End PBXSourcesBuildPhase section */

/* Begin PBXVariantGroup section */
		0AF782BB1F768D62006D8F4B /* Main.storyboard */ = {
			isa = PBXVariantGroup;
			children = (
				0AF782BC1F768D62006D8F4B /* Base */,
			);
			name = Main.storyboard;
			sourceTree = "<group>";
		};
		0AF782C01F768D62006D8F4B /* LaunchScreen.storyboard */ = {
			isa = PBXVariantGroup;
			children = (
				0AF782C11F768D62006D8F4B /* Base */,
			);
			name = LaunchScreen.storyboard;
			sourceTree = "<group>";
		};
/* End PBXVariantGroup section */

/* Begin XCBuildConfiguration section */
		0AF782C41F768D62006D8F4B /* Debug */ = {
			isa = XCBuildConfiguration;
			buildSettings = {
				ALWAYS_SEARCH_USER_PATHS = NO;
				CLANG_ANALYZER_NONNULL = YES;
				CLANG_CXX_LANGUAGE_STANDARD = "gnu++0x";
				CLANG_CXX_LIBRARY = "libc++";
				CLANG_ENABLE_MODULES = YES;
				CLANG_ENABLE_OBJC_ARC = YES;
				CLANG_WARN_BOOL_CONVERSION = YES;
				CLANG_WARN_CONSTANT_CONVERSION = YES;
				CLANG_WARN_DIRECT_OBJC_ISA_USAGE = YES_ERROR;
				CLANG_WARN_DOCUMENTATION_COMMENTS = YES;
				CLANG_WARN_EMPTY_BODY = YES;
				CLANG_WARN_ENUM_CONVERSION = YES;
				CLANG_WARN_INFINITE_RECURSION = YES;
				CLANG_WARN_INT_CONVERSION = YES;
				CLANG_WARN_OBJC_ROOT_CLASS = YES_ERROR;
				CLANG_WARN_SUSPICIOUS_MOVE = YES;
				CLANG_WARN_UNREACHABLE_CODE = YES;
				CLANG_WARN__DUPLICATE_METHOD_MATCH = YES;
				"CODE_SIGN_IDENTITY[sdk=iphoneos*]" = "iPhone Developer";
				COPY_PHASE_STRIP = NO;
				DEBUG_INFORMATION_FORMAT = dwarf;
				ENABLE_STRICT_OBJC_MSGSEND = YES;
				ENABLE_TESTABILITY = YES;
				GCC_C_LANGUAGE_STANDARD = gnu99;
				GCC_DYNAMIC_NO_PIC = NO;
				GCC_NO_COMMON_BLOCKS = YES;
				GCC_OPTIMIZATION_LEVEL = 0;
				GCC_PREPROCESSOR_DEFINITIONS = (
					"DEBUG=1",
					"$(inherited)",
				);
				GCC_WARN_64_TO_32_BIT_CONVERSION = YES;
				GCC_WARN_ABOUT_RETURN_TYPE = YES_ERROR;
				GCC_WARN_UNDECLARED_SELECTOR = YES;
				GCC_WARN_UNINITIALIZED_AUTOS = YES_AGGRESSIVE;
				GCC_WARN_UNUSED_FUNCTION = YES;
				GCC_WARN_UNUSED_VARIABLE = YES;
				IPHONEOS_DEPLOYMENT_TARGET = 10.2;
				MTL_ENABLE_DEBUG_INFO = YES;
				ONLY_ACTIVE_ARCH = YES;
				SDKROOT = iphoneos;
				TARGETED_DEVICE_FAMILY = "1,2";
			};
			name = Debug;
		};
		0AF782C51F768D62006D8F4B /* Release */ = {
			isa = XCBuildConfiguration;
			buildSettings = {
				ALWAYS_SEARCH_USER_PATHS = NO;
				CLANG_ANALYZER_NONNULL = YES;
				CLANG_CXX_LANGUAGE_STANDARD = "gnu++0x";
				CLANG_CXX_LIBRARY = "libc++";
				CLANG_ENABLE_MODULES = YES;
				CLANG_ENABLE_OBJC_ARC = YES;
				CLANG_WARN_BOOL_CONVERSION = YES;
				CLANG_WARN_CONSTANT_CONVERSION = YES;
				CLANG_WARN_DIRECT_OBJC_ISA_USAGE = YES_ERROR;
				CLANG_WARN_DOCUMENTATION_COMMENTS = YES;
				CLANG_WARN_EMPTY_BODY = YES;
				CLANG_WARN_ENUM_CONVERSION = YES;
				CLANG_WARN_INFINITE_RECURSION = YES;
				CLANG_WARN_INT_CONVERSION = YES;
				CLANG_WARN_OBJC_ROOT_CLASS = YES_ERROR;
				CLANG_WARN_SUSPICIOUS_MOVE = YES;
				CLANG_WARN_UNREACHABLE_CODE = YES;
				CLANG_WARN__DUPLICATE_METHOD_MATCH = YES;
				"CODE_SIGN_IDENTITY[sdk=iphoneos*]" = "iPhone Developer";
				COPY_PHASE_STRIP = NO;
				DEBUG_INFORMATION_FORMAT = "dwarf-with-dsym";
				ENABLE_NS_ASSERTIONS = NO;
				ENABLE_STRICT_OBJC_MSGSEND = YES;
				GCC_C_LANGUAGE_STANDARD = gnu99;
				GCC_NO_COMMON_BLOCKS = YES;
				GCC_WARN_64_TO_32_BIT_CONVERSION = YES;
				GCC_WARN_ABOUT_RETURN_TYPE = YES_ERROR;
				GCC_WARN_UNDECLARED_SELECTOR = YES;
				GCC_WARN_UNINITIALIZED_AUTOS = YES_AGGRESSIVE;
				GCC_WARN_UNUSED_FUNCTION = YES;
				GCC_WARN_UNUSED_VARIABLE = YES;
				IPHONEOS_DEPLOYMENT_TARGET = 10.2;
				MTL_ENABLE_DEBUG_INFO = NO;
				SDKROOT = iphoneos;
				TARGETED_DEVICE_FAMILY = "1,2";
				VALIDATE_PRODUCT = YES;
			};
			name = Release;
		};
		0AF782C71F768D62006D8F4B /* Debug */ = {
			isa = XCBuildConfiguration;
			baseConfigurationReference = D670CEFBB405F5A3C98C1766 /* Pods-NHExtensionDemo.debug.xcconfig */;
			buildSettings = {
				ASSETCATALOG_COMPILER_APPICON_NAME = AppIcon;
				DEVELOPMENT_TEAM = 69U78V53ZN;
				GCC_PRECOMPILE_PREFIX_HEADER = YES;
				GCC_PREFIX_HEADER = /Users/neghao/WORKSPACE/NHExtension/NHExtensionDemo/NHPrefixHeader.pch;
				INFOPLIST_FILE = NHExtensionDemo/Info.plist;
				IPHONEOS_DEPLOYMENT_TARGET = 10.0;
				LD_RUNPATH_SEARCH_PATHS = "$(inherited) @executable_path/Frameworks";
				PRODUCT_BUNDLE_IDENTIFIER = neghao.studio.NHExtensionDemo;
				PRODUCT_NAME = "$(TARGET_NAME)";
				WARNING_CFLAGS = "-Wno-documentation";
			};
			name = Debug;
		};
		0AF782C81F768D62006D8F4B /* Release */ = {
			isa = XCBuildConfiguration;
			baseConfigurationReference = BC1419700E3CFBB130B621C6 /* Pods-NHExtensionDemo.release.xcconfig */;
			buildSettings = {
				ASSETCATALOG_COMPILER_APPICON_NAME = AppIcon;
				DEVELOPMENT_TEAM = 69U78V53ZN;
				GCC_PRECOMPILE_PREFIX_HEADER = YES;
				GCC_PREFIX_HEADER = /Users/neghao/WORKSPACE/NHExtension/NHExtensionDemo/NHPrefixHeader.pch;
				INFOPLIST_FILE = NHExtensionDemo/Info.plist;
				IPHONEOS_DEPLOYMENT_TARGET = 10.0;
				LD_RUNPATH_SEARCH_PATHS = "$(inherited) @executable_path/Frameworks";
				PRODUCT_BUNDLE_IDENTIFIER = neghao.studio.NHExtensionDemo;
				PRODUCT_NAME = "$(TARGET_NAME)";
				WARNING_CFLAGS = "-Wno-documentation";
			};
			name = Release;
		};
/* End XCBuildConfiguration section */

/* Begin XCConfigurationList section */
		0AF782AA1F768D62006D8F4B /* Build configuration list for PBXProject "NHExtensionDemo" */ = {
			isa = XCConfigurationList;
			buildConfigurations = (
				0AF782C41F768D62006D8F4B /* Debug */,
				0AF782C51F768D62006D8F4B /* Release */,
			);
			defaultConfigurationIsVisible = 0;
			defaultConfigurationName = Release;
		};
		0AF782C61F768D62006D8F4B /* Build configuration list for PBXNativeTarget "NHExtensionDemo" */ = {
			isa = XCConfigurationList;
			buildConfigurations = (
				0AF782C71F768D62006D8F4B /* Debug */,
				0AF782C81F768D62006D8F4B /* Release */,
			);
			defaultConfigurationIsVisible = 0;
			defaultConfigurationName = Release;
		};
/* End XCConfigurationList section */
	};
	rootObject = 0AF782A71F768D62006D8F4B /* Project object */;
}
